
Microsoft Visual Studio Solution File, Format Version 12.00
# Visual Studio 15
VisualStudioVersion = 15.0.27703.2047
MinimumVisualStudioVersion = 10.0.40219.1
Project("{FAE04EC0-301F-11D3-BF4B-00C04F79EFBC}") = "Graphics", "Graphics\Graphics.csproj", "{8B9BD581-2797-4EA2-9F36-BD5D97D09D0D}"
EndProject
Global
	GlobalSection(SolutionConfigurationPlatforms) = preSolution
		Debug|Any CPU = Debug|Any CPU
		Release|Any CPU = Release|Any CPU
	EndGlobalSection
	GlobalSection(ProjectConfigurationPlatforms) = postSolution
		{8B9BD581-2797-4EA2-9F36-BD5D97D09D0D}.Debug|Any CPU.ActiveCfg = Debug|Any CPU
		{8B9BD581-2797-4EA2-9F36-BD5D97D09D0D}.Debug|Any CPU.Build.0 = Debug|Any CPU
		{8B9BD581-2797-4EA2-9F36-BD5D97D09D0D}.Release|Any CPU.ActiveCfg = Release|Any CPU
		{8B9BD581-2797-4EA2-9F36-BD5D97D09D0D}.Release|Any CPU.Build.0 = Release|Any CPU
	EndGlobalSection
	GlobalSection(SolutionProperties) = preSolution
		HideSolutionNode = FALSE
	EndGlobalSection
	GlobalSection(ExtensibilityGlobals) = postSolution
		SolutionGuid = {DEF86AB9-1E34-457E-9248-A222EEA8819D}
	EndGlobalSection
EndGlobal
